
Microsoft Visual Studio Solution File, Format Version 12.00
# Visual Studio Version 16
VisualStudioVersion = 16.0.30225.117
MinimumVisualStudioVersion = 10.0.40219.1
Project("{9A19103F-16F7-4668-BE54-9A1E7A4F7556}") = "doublyLinkedLists", "doublyLinkedLists\doublyLinkedLists.csproj", "{E8EBBB49-FEB5-4F54-8E35-465C444B4F67}"
EndProject
Project("{9A19103F-16F7-4668-BE54-9A1E7A4F7556}") = "doublyLinkedLists.Tests", "doublyLinkedLists.Tests\doublyLinkedLists.Tests.csproj", "{DC1C8E69-56D0-4C1F-BC1D-485A83727B79}"
EndProject
Global
	GlobalSection(SolutionConfigurationPlatforms) = preSolution
		Debug|Any CPU = Debug|Any CPU
		Release|Any CPU = Release|Any CPU
	EndGlobalSection
	GlobalSection(ProjectConfigurationPlatforms) = postSolution
		{E8EBBB49-FEB5-4F54-8E35-465C444B4F67}.Debug|Any CPU.ActiveCfg = Debug|Any CPU
		{E8EBBB49-FEB5-4F54-8E35-465C444B4F67}.Debug|Any CPU.Build.0 = Debug|Any CPU
		{E8EBBB49-FEB5-4F54-8E35-465C444B4F67}.Release|Any CPU.ActiveCfg = Release|Any CPU
		{E8EBBB49-FEB5-4F54-8E35-465C444B4F67}.Release|Any CPU.Build.0 = Release|Any CPU
		{DC1C8E69-56D0-4C1F-BC1D-485A83727B79}.Debug|Any CPU.ActiveCfg = Debug|Any CPU
		{DC1C8E69-56D0-4C1F-BC1D-485A83727B79}.Debug|Any CPU.Build.0 = Debug|Any CPU
		{DC1C8E69-56D0-4C1F-BC1D-485A83727B79}.Release|Any CPU.ActiveCfg = Release|Any CPU
		{DC1C8E69-56D0-4C1F-BC1D-485A83727B79}.Release|Any CPU.Build.0 = Release|Any CPU
	EndGlobalSection
	GlobalSection(SolutionProperties) = preSolution
		HideSolutionNode = FALSE
	EndGlobalSection
	GlobalSection(ExtensibilityGlobals) = postSolution
		SolutionGuid = {C34B5FD5-766F-4873-8858-C63A25D5CF9F}
	EndGlobalSection
EndGlobal
